
Microsoft Visual Studio Solution File, Format Version 12.00
# Visual Studio Version 16
VisualStudioVersion = 16.0.29020.237
MinimumVisualStudioVersion = 10.0.40219.1
Project("{FAE04EC0-301F-11D3-BF4B-00C04F79EFBC}") = "HighLow", "HighLow.csproj", "{1CCE87CB-7A27-40B4-AB5E-3A4C0623D942}"
EndProject
Global
	GlobalSection(SolutionConfigurationPlatforms) = preSolution
		Debug|Any CPU = Debug|Any CPU
		Release|Any CPU = Release|Any CPU
	EndGlobalSection
	GlobalSection(ProjectConfigurationPlatforms) = postSolution
		{1CCE87CB-7A27-40B4-AB5E-3A4C0623D942}.Debug|Any CPU.ActiveCfg = Debug|Any CPU
		{1CCE87CB-7A27-40B4-AB5E-3A4C0623D942}.Debug|Any CPU.Build.0 = Debug|Any CPU
		{1CCE87CB-7A27-40B4-AB5E-3A4C0623D942}.Release|Any CPU.ActiveCfg = Release|Any CPU
		{1CCE87CB-7A27-40B4-AB5E-3A4C0623D942}.Release|Any CPU.Build.0 = Release|Any CPU
	EndGlobalSection
	GlobalSection(SolutionProperties) = preSolution
		HideSolutionNode = FALSE
	EndGlobalSection
	GlobalSection(ExtensibilityGlobals) = postSolution
		SolutionGuid = {A0210771-344B-4CAD-93F7-5E8AD6E2B7B2}
	EndGlobalSection
EndGlobal
